
Microsoft Visual Studio Solution File, Format Version 12.00
# Visual Studio Version 16
VisualStudioVersion = 16.0.31313.79
MinimumVisualStudioVersion = 10.0.40219.1
Project("{FAE04EC0-301F-11D3-BF4B-00C04F79EFBC}") = "insertwebapi", "insertwebapi.csproj", "{95099AD5-FE8D-4EA7-B322-6EB6955BC77A}"
EndProject
Global
	GlobalSection(SolutionConfigurationPlatforms) = preSolution
		Debug|Any CPU = Debug|Any CPU
		Release|Any CPU = Release|Any CPU
	EndGlobalSection
	GlobalSection(ProjectConfigurationPlatforms) = postSolution
		{95099AD5-FE8D-4EA7-B322-6EB6955BC77A}.Debug|Any CPU.ActiveCfg = Debug|Any CPU
		{95099AD5-FE8D-4EA7-B322-6EB6955BC77A}.Debug|Any CPU.Build.0 = Debug|Any CPU
		{95099AD5-FE8D-4EA7-B322-6EB6955BC77A}.Release|Any CPU.ActiveCfg = Release|Any CPU
		{95099AD5-FE8D-4EA7-B322-6EB6955BC77A}.Release|Any CPU.Build.0 = Release|Any CPU
	EndGlobalSection
	GlobalSection(SolutionProperties) = preSolution
		HideSolutionNode = FALSE
	EndGlobalSection
	GlobalSection(ExtensibilityGlobals) = postSolution
		SolutionGuid = {5221354F-DAD6-496E-BE48-B630259C0E7B}
	EndGlobalSection
EndGlobal
